
Microsoft Visual Studio Solution File, Format Version 12.00
# Visual Studio Version 17
VisualStudioVersion = 17.1.32228.430
MinimumVisualStudioVersion = 10.0.40219.1
Project("{FAE04EC0-301F-11D3-BF4B-00C04F79EFBC}") = "IdentityEF", "IdentityEF\IdentityEF.csproj", "{5679EAF9-E3A8-471F-BA4B-16C6E414372D}"
EndProject
Global
	GlobalSection(SolutionConfigurationPlatforms) = preSolution
		Debug|Any CPU = Debug|Any CPU
		Release|Any CPU = Release|Any CPU
	EndGlobalSection
	GlobalSection(ProjectConfigurationPlatforms) = postSolution
		{5679EAF9-E3A8-471F-BA4B-16C6E414372D}.Debug|Any CPU.ActiveCfg = Debug|Any CPU
		{5679EAF9-E3A8-471F-BA4B-16C6E414372D}.Debug|Any CPU.Build.0 = Debug|Any CPU
		{5679EAF9-E3A8-471F-BA4B-16C6E414372D}.Release|Any CPU.ActiveCfg = Release|Any CPU
		{5679EAF9-E3A8-471F-BA4B-16C6E414372D}.Release|Any CPU.Build.0 = Release|Any CPU
	EndGlobalSection
	GlobalSection(SolutionProperties) = preSolution
		HideSolutionNode = FALSE
	EndGlobalSection
	GlobalSection(ExtensibilityGlobals) = postSolution
		SolutionGuid = {0C14A005-DFD4-40B8-A658-C3292F31585F}
	EndGlobalSection
EndGlobal
